prayfile_lock = "1"
spec = "0.1"
generated_by = "pray 0.1.0"
manifest_hash = "sha256:9ed607977b5b25ecf47b0fa39ae0db3a81e2fe7ef66062d7e3a1704e5d7cf5e7"

[[source]]
name = "amkisko"
kind = "git"
url = "git+https://github.com/amkisko/prayers.git"

[[package]]
name = "amkisko/branch-naming"
version = "1.0.0"
source = "amkisko"
path = "./.pray/cache/registry/8c099592e5952e58/amkisko/branch-naming/1.0.0"
tree_hash = "sha256:f50538e28a0e4d573884c019210ce4cc650f692b2211802520e267ff18f30e9b"
artifact_hash = "sha256:f50538e28a0e4d573884c019210ce4cc650f692b2211802520e267ff18f30e9b"
artifact = "path:./.pray/cache/registry/8c099592e5952e58/amkisko/branch-naming/1.0.0"
exports = ["branch-naming"]
dependencies = []

[[package]]
name = "amkisko/changelog-update"
version = "1.0.0"
source = "amkisko"
path = "./.pray/cache/registry/78bfe839c87dfd48/amkisko/changelog-update/1.0.0"
tree_hash = "sha256:59f60347608d35d7cdc76ecd7bfbc2a2164a9ffff765393588349fa8a27bc195"
artifact_hash = "sha256:59f60347608d35d7cdc76ecd7bfbc2a2164a9ffff765393588349fa8a27bc195"
artifact = "path:./.pray/cache/registry/78bfe839c87dfd48/amkisko/changelog-update/1.0.0"
exports = ["skill"]
dependencies = []

[[package]]
name = "amkisko/collaboration-workflow"
version = "1.0.0"
source = "amkisko"
path = "./.pray/cache/registry/a9cb031c157dfc53/amkisko/collaboration-workflow/1.0.0"
tree_hash = "sha256:b3da0e8a59eabcd0f9cfdd8f1cfa011fb7ec7967dd0413b48c75bbd664c2250a"
artifact_hash = "sha256:b3da0e8a59eabcd0f9cfdd8f1cfa011fb7ec7967dd0413b48c75bbd664c2250a"
artifact = "path:./.pray/cache/registry/a9cb031c157dfc53/amkisko/collaboration-workflow/1.0.0"
exports = ["collaboration-workflow"]
dependencies = []

[[package]]
name = "amkisko/dependency-issues"
version = "1.0.0"
source = "amkisko"
path = "./.pray/cache/registry/acedf7c5fd60c13c/amkisko/dependency-issues/1.0.0"
tree_hash = "sha256:3240374a6226bc20d70a27f80138a1394619487b1e68c2a4c0f497a30fd69150"
artifact_hash = "sha256:3240374a6226bc20d70a27f80138a1394619487b1e68c2a4c0f497a30fd69150"
artifact = "path:./.pray/cache/registry/acedf7c5fd60c13c/amkisko/dependency-issues/1.0.0"
exports = ["dependency-issues"]
dependencies = []

[[package]]
name = "amkisko/docs-conventions"
version = "1.0.0"
source = "amkisko"
path = "./.pray/cache/registry/131efcc7afe5b4a6/amkisko/docs-conventions/1.0.0"
tree_hash = "sha256:ca07b8e948ffe3e227d1ddfb7d9258eab9e5e5584a2817f72d3a7bdee652b754"
artifact_hash = "sha256:ca07b8e948ffe3e227d1ddfb7d9258eab9e5e5584a2817f72d3a7bdee652b754"
artifact = "path:./.pray/cache/registry/131efcc7afe5b4a6/amkisko/docs-conventions/1.0.0"
exports = ["docs-conventions"]
dependencies = []

[[package]]
name = "amkisko/engineering-audit"
version = "1.0.0"
source = "amkisko"
path = "./.pray/cache/registry/411e8ba81ec61203/amkisko/engineering-audit/1.0.0"
tree_hash = "sha256:5e221fe8161748661cf171adc31968e6f4a9ac5ae010e74ec188c5e81885d456"
artifact_hash = "sha256:5e221fe8161748661cf171adc31968e6f4a9ac5ae010e74ec188c5e81885d456"
artifact = "path:./.pray/cache/registry/411e8ba81ec61203/amkisko/engineering-audit/1.0.0"
exports = ["skill"]
dependencies = []

[[package]]
name = "amkisko/finite-state-machines"
version = "1.0.0"
source = "amkisko"
path = "./.pray/cache/registry/3d7647447586b20f/amkisko/finite-state-machines/1.0.0"
tree_hash = "sha256:86c27f8702620a790011c5ea31a244df38da6e35ff4aa76b5fbdddedc0e56101"
artifact_hash = "sha256:86c27f8702620a790011c5ea31a244df38da6e35ff4aa76b5fbdddedc0e56101"
artifact = "path:./.pray/cache/registry/3d7647447586b20f/amkisko/finite-state-machines/1.0.0"
exports = ["finite-state-machines"]
dependencies = []

[[package]]
name = "amkisko/minimal-implementation"
version = "1.0.0"
source = "amkisko"
path = "./.pray/cache/registry/2d79ebc7b790d45e/amkisko/minimal-implementation/1.0.0"
tree_hash = "sha256:e3e38bafa9bb022d5c3b1b0e3f904bab958b660fbcc22ff41140e6dc5e3537f7"
artifact_hash = "sha256:e3e38bafa9bb022d5c3b1b0e3f904bab958b660fbcc22ff41140e6dc5e3537f7"
artifact = "path:./.pray/cache/registry/2d79ebc7b790d45e/amkisko/minimal-implementation/1.0.0"
exports = ["minimal-implementation"]
dependencies = []

[[package]]
name = "amkisko/preferred-stack"
version = "1.0.0"
source = "amkisko"
path = "./.pray/cache/registry/31feec624dc14501/amkisko/preferred-stack/1.0.0"
tree_hash = "sha256:c9596653836b159598d923cd53130975e9e08646f341ffe7340fc44823fc202f"
artifact_hash = "sha256:c9596653836b159598d923cd53130975e9e08646f341ffe7340fc44823fc202f"
artifact = "path:./.pray/cache/registry/31feec624dc14501/amkisko/preferred-stack/1.0.0"
exports = ["preferred-stack"]
dependencies = []

[[package]]
name = "amkisko/publish-checks"
version = "1.0.0"
source = "amkisko"
path = "./.pray/cache/registry/8b905cd371b9cbdf/amkisko/publish-checks/1.0.0"
tree_hash = "sha256:8c66048dbd559e5e9d90f084738eef9ff83f8e8cf870dff0ffd2e2fc7ae8a121"
artifact_hash = "sha256:8c66048dbd559e5e9d90f084738eef9ff83f8e8cf870dff0ffd2e2fc7ae8a121"
artifact = "path:./.pray/cache/registry/8b905cd371b9cbdf/amkisko/publish-checks/1.0.0"
exports = ["publish-checks"]
dependencies = []

[[package]]
name = "amkisko/rejected-changes"
version = "1.0.0"
source = "amkisko"
path = "./.pray/cache/registry/401bc7a4b1e2ddb5/amkisko/rejected-changes/1.0.0"
tree_hash = "sha256:c67d00c73127370733d1a11fe463634e7e8a59b3c3da47c1f578ba00f4b0d9fb"
artifact_hash = "sha256:c67d00c73127370733d1a11fe463634e7e8a59b3c3da47c1f578ba00f4b0d9fb"
artifact = "path:./.pray/cache/registry/401bc7a4b1e2ddb5/amkisko/rejected-changes/1.0.0"
exports = ["rejected-changes"]
dependencies = []

[[package]]
name = "amkisko/rust-conventions"
version = "1.0.0"
source = "amkisko"
path = "./.pray/cache/registry/0be09b4fe6c5f615/amkisko/rust-conventions/1.0.0"
tree_hash = "sha256:4e5794d5982d86e0ea30a8c689350484ddbfc4af96dbd3651ae2c3eb96c8ed6d"
artifact_hash = "sha256:4e5794d5982d86e0ea30a8c689350484ddbfc4af96dbd3651ae2c3eb96c8ed6d"
artifact = "path:./.pray/cache/registry/0be09b4fe6c5f615/amkisko/rust-conventions/1.0.0"
exports = ["rust-conventions"]
dependencies = []

[[package]]
name = "amkisko/working-rules"
version = "1.0.0"
source = "amkisko"
path = "./.pray/cache/registry/0206102582e21aa0/amkisko/working-rules/1.0.0"
tree_hash = "sha256:070a5431f32a86577ed860ab8d1d0a5f86142b2d2fc1fde1a064c1799926a114"
artifact_hash = "sha256:070a5431f32a86577ed860ab8d1d0a5f86142b2d2fc1fde1a064c1799926a114"
artifact = "path:./.pray/cache/registry/0206102582e21aa0/amkisko/working-rules/1.0.0"
exports = ["working-rules"]
dependencies = []

[[package]]
name = "amkisko/writing-prose"
version = "1.0.0"
source = "amkisko"
path = "./.pray/cache/registry/2d237fd78123829e/amkisko/writing-prose/1.0.0"
tree_hash = "sha256:58dfe61ecbba7953209370f141cec17f23110220b7b29a628c1183002bac5973"
artifact_hash = "sha256:58dfe61ecbba7953209370f141cec17f23110220b7b29a628c1183002bac5973"
artifact = "path:./.pray/cache/registry/2d237fd78123829e/amkisko/writing-prose/1.0.0"
exports = ["writing-prose"]
dependencies = []

[[package]]
name = "prayer-publisher"
version = "0.1.0"
path = "./packages/prayer-publisher"
tree_hash = "sha256:04fa64e31ec08f1cd0ac95ba18eac1b4ddb81cdbe2910aafb5951c26fc949ff1"
artifact_hash = "sha256:04fa64e31ec08f1cd0ac95ba18eac1b4ddb81cdbe2910aafb5951c26fc949ff1"
artifact = "path:./packages/prayer-publisher"
exports = ["skill"]
dependencies = []

[[target]]
name = "agents"
outputs = ["AGENTS.md"]

[[target]]
name = "prayer_publisher"
outputs = [".agents/skills/prayer-publisher/SKILL.md"]

[[managed_span]]
id = "9b84b34d"
target = ".agents/skills/prayer-publisher/SKILL.md"
open_line = 38
close_line = 58
ideal_checksum = "sha256:84171d8d31bd90000e5e5e7e3d38105a72f1fdb840745b3b5d321e6bea7736c4"
package = "amkisko/branch-naming"
export = "branch-naming"
source_checksum = "sha256:f50538e28a0e4d573884c019210ce4cc650f692b2211802520e267ff18f30e9b"
silenced = false

[[managed_span]]
id = "0d0191ed"
target = ".agents/skills/prayer-publisher/SKILL.md"
open_line = 60
close_line = 120
ideal_checksum = "sha256:17705c37d17e77780dd3c51260bdf86afe67c008c129d0b7dcd1179779736019"
package = "amkisko/changelog-update"
export = "skill"
source_checksum = "sha256:59f60347608d35d7cdc76ecd7bfbc2a2164a9ffff765393588349fa8a27bc195"
silenced = false

[[managed_span]]
id = "5c6bbf23"
target = ".agents/skills/prayer-publisher/SKILL.md"
open_line = 122
close_line = 129
ideal_checksum = "sha256:2b298a8db3c643afd1792ad6ed777cdde0a2dcaa2f49aa568d1d0935f7869c1c"
package = "amkisko/collaboration-workflow"
export = "collaboration-workflow"
source_checksum = "sha256:b3da0e8a59eabcd0f9cfdd8f1cfa011fb7ec7967dd0413b48c75bbd664c2250a"
silenced = false

[[managed_span]]
id = "b404d812"
target = ".agents/skills/prayer-publisher/SKILL.md"
open_line = 131
close_line = 139
ideal_checksum = "sha256:5e373a76c5af7b3a950948a612fed7a2efb3489dbc181b6723ee08762523cc19"
package = "amkisko/dependency-issues"
export = "dependency-issues"
source_checksum = "sha256:3240374a6226bc20d70a27f80138a1394619487b1e68c2a4c0f497a30fd69150"
silenced = false

[[managed_span]]
id = "b8eab11e"
target = ".agents/skills/prayer-publisher/SKILL.md"
open_line = 141
close_line = 144
ideal_checksum = "sha256:2c8da45415aed6c5c5da25d57e93c3ec08ef5ebc5700dfc093779360c764e5ed"
package = "amkisko/docs-conventions"
export = "docs-conventions"
source_checksum = "sha256:ca07b8e948ffe3e227d1ddfb7d9258eab9e5e5584a2817f72d3a7bdee652b754"
silenced = false

[[managed_span]]
id = "cc59277b"
target = ".agents/skills/prayer-publisher/SKILL.md"
open_line = 146
close_line = 167
ideal_checksum = "sha256:30e6415fbb91c1df6cca0185b830801b910392dda68970a38144bf507c117ca3"
package = "amkisko/engineering-audit"
export = "skill"
source_checksum = "sha256:5e221fe8161748661cf171adc31968e6f4a9ac5ae010e74ec188c5e81885d456"
silenced = false

[[managed_span]]
id = "01dda2e8"
target = ".agents/skills/prayer-publisher/SKILL.md"
open_line = 169
close_line = 174
ideal_checksum = "sha256:d6d50ec67564585d84bf1e51b616beb17953da7562c78471d4f460c191678d6f"
package = "amkisko/finite-state-machines"
export = "finite-state-machines"
source_checksum = "sha256:86c27f8702620a790011c5ea31a244df38da6e35ff4aa76b5fbdddedc0e56101"
silenced = false

[[managed_span]]
id = "76e3e976"
target = ".agents/skills/prayer-publisher/SKILL.md"
open_line = 176
close_line = 205
ideal_checksum = "sha256:ee04ff26b9949efe86e603943ea0eddb78575f7c0358c92889545574442f1dfb"
package = "amkisko/minimal-implementation"
export = "minimal-implementation"
source_checksum = "sha256:e3e38bafa9bb022d5c3b1b0e3f904bab958b660fbcc22ff41140e6dc5e3537f7"
silenced = false

[[managed_span]]
id = "e7a557ce"
target = ".agents/skills/prayer-publisher/SKILL.md"
open_line = 207
close_line = 216
ideal_checksum = "sha256:1de2e913b542e3d4a85c004f7dce20d7cf24dbf9aab38b6f5b13a75bd9b7bb8a"
package = "amkisko/preferred-stack"
export = "preferred-stack"
source_checksum = "sha256:c9596653836b159598d923cd53130975e9e08646f341ffe7340fc44823fc202f"
silenced = false

[[managed_span]]
id = "9b63b452"
target = ".agents/skills/prayer-publisher/SKILL.md"
open_line = 218
close_line = 222
ideal_checksum = "sha256:82b70dbc720021ec928295c93cf5ce82b0b80e07f58d20724d4ebf56bb55c83f"
package = "amkisko/publish-checks"
export = "publish-checks"
source_checksum = "sha256:8c66048dbd559e5e9d90f084738eef9ff83f8e8cf870dff0ffd2e2fc7ae8a121"
silenced = false

[[managed_span]]
id = "4fbedf42"
target = ".agents/skills/prayer-publisher/SKILL.md"
open_line = 224
close_line = 232
ideal_checksum = "sha256:4d97fabf0274428bc5dccc2e423f28f366514b53dcb1ef2af182671f454032ae"
package = "amkisko/rejected-changes"
export = "rejected-changes"
source_checksum = "sha256:c67d00c73127370733d1a11fe463634e7e8a59b3c3da47c1f578ba00f4b0d9fb"
silenced = false

[[managed_span]]
id = "202b99f4"
target = ".agents/skills/prayer-publisher/SKILL.md"
open_line = 234
close_line = 239
ideal_checksum = "sha256:4c0ca9c98b1ec08dab22f4407a4bf615e5a947ee9c2c22569ccca3670cf0ed57"
package = "amkisko/rust-conventions"
export = "rust-conventions"
source_checksum = "sha256:4e5794d5982d86e0ea30a8c689350484ddbfc4af96dbd3651ae2c3eb96c8ed6d"
silenced = false

[[managed_span]]
id = "aa8e990e"
target = ".agents/skills/prayer-publisher/SKILL.md"
open_line = 241
close_line = 256
ideal_checksum = "sha256:07b448d5f06a4f201d66b47346057490d07c20ea20f65a76099a98f9bfd4f55a"
package = "amkisko/working-rules"
export = "working-rules"
source_checksum = "sha256:070a5431f32a86577ed860ab8d1d0a5f86142b2d2fc1fde1a064c1799926a114"
silenced = false

[[managed_span]]
id = "1dc0f524"
target = ".agents/skills/prayer-publisher/SKILL.md"
open_line = 258
close_line = 263
ideal_checksum = "sha256:4bdfcc6144261bedbb0a6b15dbde3dfd6def4cab06b95962cbcbf19de113d5b5"
package = "amkisko/writing-prose"
export = "writing-prose"
source_checksum = "sha256:58dfe61ecbba7953209370f141cec17f23110220b7b29a628c1183002bac5973"
silenced = false

[[managed_span]]
id = "7305c5b8"
target = ".agents/skills/prayer-publisher/SKILL.md"
open_line = 265
close_line = 357
ideal_checksum = "sha256:4b26df73e70beae7972ff70bfdce340c27658ec5cbdefefd07d6af9a405ac1e7"
package = "prayer-publisher"
export = "skill"
source_checksum = "sha256:04fa64e31ec08f1cd0ac95ba18eac1b4ddb81cdbe2910aafb5951c26fc949ff1"
silenced = false

[[managed_span]]
id = "7317586a"
target = "AGENTS.md"
open_line = 38
close_line = 58
ideal_checksum = "sha256:84171d8d31bd90000e5e5e7e3d38105a72f1fdb840745b3b5d321e6bea7736c4"
package = "amkisko/branch-naming"
export = "branch-naming"
source_checksum = "sha256:f50538e28a0e4d573884c019210ce4cc650f692b2211802520e267ff18f30e9b"
silenced = false

[[managed_span]]
id = "889f4e4f"
target = "AGENTS.md"
open_line = 60
close_line = 120
ideal_checksum = "sha256:17705c37d17e77780dd3c51260bdf86afe67c008c129d0b7dcd1179779736019"
package = "amkisko/changelog-update"
export = "skill"
source_checksum = "sha256:59f60347608d35d7cdc76ecd7bfbc2a2164a9ffff765393588349fa8a27bc195"
silenced = false

[[managed_span]]
id = "0b30e782"
target = "AGENTS.md"
open_line = 122
close_line = 129
ideal_checksum = "sha256:2b298a8db3c643afd1792ad6ed777cdde0a2dcaa2f49aa568d1d0935f7869c1c"
package = "amkisko/collaboration-workflow"
export = "collaboration-workflow"
source_checksum = "sha256:b3da0e8a59eabcd0f9cfdd8f1cfa011fb7ec7967dd0413b48c75bbd664c2250a"
silenced = false

[[managed_span]]
id = "062b8a8e"
target = "AGENTS.md"
open_line = 131
close_line = 139
ideal_checksum = "sha256:5e373a76c5af7b3a950948a612fed7a2efb3489dbc181b6723ee08762523cc19"
package = "amkisko/dependency-issues"
export = "dependency-issues"
source_checksum = "sha256:3240374a6226bc20d70a27f80138a1394619487b1e68c2a4c0f497a30fd69150"
silenced = false

[[managed_span]]
id = "9f724d55"
target = "AGENTS.md"
open_line = 141
close_line = 144
ideal_checksum = "sha256:2c8da45415aed6c5c5da25d57e93c3ec08ef5ebc5700dfc093779360c764e5ed"
package = "amkisko/docs-conventions"
export = "docs-conventions"
source_checksum = "sha256:ca07b8e948ffe3e227d1ddfb7d9258eab9e5e5584a2817f72d3a7bdee652b754"
silenced = false

[[managed_span]]
id = "c711ab37"
target = "AGENTS.md"
open_line = 146
close_line = 167
ideal_checksum = "sha256:30e6415fbb91c1df6cca0185b830801b910392dda68970a38144bf507c117ca3"
package = "amkisko/engineering-audit"
export = "skill"
source_checksum = "sha256:5e221fe8161748661cf171adc31968e6f4a9ac5ae010e74ec188c5e81885d456"
silenced = false

[[managed_span]]
id = "2b9051df"
target = "AGENTS.md"
open_line = 169
close_line = 174
ideal_checksum = "sha256:d6d50ec67564585d84bf1e51b616beb17953da7562c78471d4f460c191678d6f"
package = "amkisko/finite-state-machines"
export = "finite-state-machines"
source_checksum = "sha256:86c27f8702620a790011c5ea31a244df38da6e35ff4aa76b5fbdddedc0e56101"
silenced = false

[[managed_span]]
id = "b2a3d4d7"
target = "AGENTS.md"
open_line = 176
close_line = 205
ideal_checksum = "sha256:ee04ff26b9949efe86e603943ea0eddb78575f7c0358c92889545574442f1dfb"
package = "amkisko/minimal-implementation"
export = "minimal-implementation"
source_checksum = "sha256:e3e38bafa9bb022d5c3b1b0e3f904bab958b660fbcc22ff41140e6dc5e3537f7"
silenced = false

[[managed_span]]
id = "6aea78d0"
target = "AGENTS.md"
open_line = 207
close_line = 216
ideal_checksum = "sha256:1de2e913b542e3d4a85c004f7dce20d7cf24dbf9aab38b6f5b13a75bd9b7bb8a"
package = "amkisko/preferred-stack"
export = "preferred-stack"
source_checksum = "sha256:c9596653836b159598d923cd53130975e9e08646f341ffe7340fc44823fc202f"
silenced = false

[[managed_span]]
id = "e662c764"
target = "AGENTS.md"
open_line = 218
close_line = 222
ideal_checksum = "sha256:82b70dbc720021ec928295c93cf5ce82b0b80e07f58d20724d4ebf56bb55c83f"
package = "amkisko/publish-checks"
export = "publish-checks"
source_checksum = "sha256:8c66048dbd559e5e9d90f084738eef9ff83f8e8cf870dff0ffd2e2fc7ae8a121"
silenced = false

[[managed_span]]
id = "8cf2baf2"
target = "AGENTS.md"
open_line = 224
close_line = 232
ideal_checksum = "sha256:4d97fabf0274428bc5dccc2e423f28f366514b53dcb1ef2af182671f454032ae"
package = "amkisko/rejected-changes"
export = "rejected-changes"
source_checksum = "sha256:c67d00c73127370733d1a11fe463634e7e8a59b3c3da47c1f578ba00f4b0d9fb"
silenced = false

[[managed_span]]
id = "7de8c0b2"
target = "AGENTS.md"
open_line = 234
close_line = 239
ideal_checksum = "sha256:4c0ca9c98b1ec08dab22f4407a4bf615e5a947ee9c2c22569ccca3670cf0ed57"
package = "amkisko/rust-conventions"
export = "rust-conventions"
source_checksum = "sha256:4e5794d5982d86e0ea30a8c689350484ddbfc4af96dbd3651ae2c3eb96c8ed6d"
silenced = false

[[managed_span]]
id = "5ef025d3"
target = "AGENTS.md"
open_line = 241
close_line = 256
ideal_checksum = "sha256:07b448d5f06a4f201d66b47346057490d07c20ea20f65a76099a98f9bfd4f55a"
package = "amkisko/working-rules"
export = "working-rules"
source_checksum = "sha256:070a5431f32a86577ed860ab8d1d0a5f86142b2d2fc1fde1a064c1799926a114"
silenced = false

[[managed_span]]
id = "c7597e52"
target = "AGENTS.md"
open_line = 258
close_line = 263
ideal_checksum = "sha256:4bdfcc6144261bedbb0a6b15dbde3dfd6def4cab06b95962cbcbf19de113d5b5"
package = "amkisko/writing-prose"
export = "writing-prose"
source_checksum = "sha256:58dfe61ecbba7953209370f141cec17f23110220b7b29a628c1183002bac5973"
silenced = false

[[managed_span]]
id = "c41cee92"
target = "AGENTS.md"
open_line = 265
close_line = 357
ideal_checksum = "sha256:4b26df73e70beae7972ff70bfdce340c27658ec5cbdefefd07d6af9a405ac1e7"
package = "prayer-publisher"
export = "skill"
source_checksum = "sha256:04fa64e31ec08f1cd0ac95ba18eac1b4ddb81cdbe2910aafb5951c26fc949ff1"
silenced = false
