prayfile_lock = "1"
spec = "0.1"
generated_by = "pray 0.1.0"
manifest_hash = "sha256:87be77c34aff13b4312f0925c42f1259277b83152696750fce99f27fb6c6a3d6"
source = []

[[package]]
name = "prayer-publisher"
version = "0.1.0"
path = "packages/prayer-publisher"
tree_hash = "sha256:e0bc7eca49536e3fe26c698cb957fcbd73ce1e7946f4ed47f6637f6d007ee78b"
artifact_hash = "sha256:e0bc7eca49536e3fe26c698cb957fcbd73ce1e7946f4ed47f6637f6d007ee78b"
artifact = "path:packages/prayer-publisher"
exports = ["skill"]
dependencies = []

[[target]]
name = "prayer_publisher"
outputs = [".agents/skills/prayer-publisher/SKILL.md"]

[[managed_span]]
id = "7305c5b8"
target = ".agents/skills/prayer-publisher/SKILL.md"
open_line = 13
close_line = 107
ideal_checksum = "sha256:d782f117a88ba8e7fb1fff15995f9dc77c48ca1b3421738bfb841c00adef917d"
package = "prayer-publisher"
export = "skill"
source_checksum = "sha256:e0bc7eca49536e3fe26c698cb957fcbd73ce1e7946f4ed47f6637f6d007ee78b"
silenced = false
